
Microsoft Visual Studio Solution File, Format Version 12.00
# Visual Studio Version 16
VisualStudioVersion = 16.0.31019.35
MinimumVisualStudioVersion = 10.0.40219.1
Project("{FAE04EC0-301F-11D3-BF4B-00C04F79EFBC}") = "Aluno", "Aluno\Aluno.csproj", "{FD939AC8-C914-406D-AE6B-6344D5835827}"
EndProject
Global
	GlobalSection(SolutionConfigurationPlatforms) = preSolution
		Debug|Any CPU = Debug|Any CPU
		Release|Any CPU = Release|Any CPU
	EndGlobalSection
	GlobalSection(ProjectConfigurationPlatforms) = postSolution
		{FD939AC8-C914-406D-AE6B-6344D5835827}.Debug|Any CPU.ActiveCfg = Debug|Any CPU
		{FD939AC8-C914-406D-AE6B-6344D5835827}.Debug|Any CPU.Build.0 = Debug|Any CPU
		{FD939AC8-C914-406D-AE6B-6344D5835827}.Release|Any CPU.ActiveCfg = Release|Any CPU
		{FD939AC8-C914-406D-AE6B-6344D5835827}.Release|Any CPU.Build.0 = Release|Any CPU
	EndGlobalSection
	GlobalSection(SolutionProperties) = preSolution
		HideSolutionNode = FALSE
	EndGlobalSection
	GlobalSection(ExtensibilityGlobals) = postSolution
		SolutionGuid = {5466E62E-1534-46E3-8670-84C4873947DA}
	EndGlobalSection
EndGlobal
